
Microsoft Visual Studio Solution File, Format Version 12.00
# Visual Studio Version 17
VisualStudioVersion = 17.1.32210.238
MinimumVisualStudioVersion = 10.0.40219.1
Project("{FAE04EC0-301F-11D3-BF4B-00C04F79EFBC}") = "AuctionManagementSystem", "AuctionManagementSystem\AuctionManagementSystem.csproj", "{DD9D6ADE-8A17-49BD-927B-697AF6158429}"
EndProject
Global
	GlobalSection(SolutionConfigurationPlatforms) = preSolution
		Debug|Any CPU = Debug|Any CPU
		Release|Any CPU = Release|Any CPU
	EndGlobalSection
	GlobalSection(ProjectConfigurationPlatforms) = postSolution
		{DD9D6ADE-8A17-49BD-927B-697AF6158429}.Debug|Any CPU.ActiveCfg = Debug|Any CPU
		{DD9D6ADE-8A17-49BD-927B-697AF6158429}.Debug|Any CPU.Build.0 = Debug|Any CPU
		{DD9D6ADE-8A17-49BD-927B-697AF6158429}.Release|Any CPU.ActiveCfg = Release|Any CPU
		{DD9D6ADE-8A17-49BD-927B-697AF6158429}.Release|Any CPU.Build.0 = Release|Any CPU
	EndGlobalSection
	GlobalSection(SolutionProperties) = preSolution
		HideSolutionNode = FALSE
	EndGlobalSection
	GlobalSection(ExtensibilityGlobals) = postSolution
		SolutionGuid = {918D8352-3D03-473E-92D0-B4CFB19E1751}
	EndGlobalSection
EndGlobal
